
Microsoft Visual Studio Solution File, Format Version 12.00
# Visual Studio Version 17
VisualStudioVersion = 17.13.35913.81 d17.13
MinimumVisualStudioVersion = 10.0.40219.1
Project("{FAE04EC0-301F-11D3-BF4B-00C04F79EFBC}") = "MCPDemo", "MCPDemo\MCPDemo.csproj", "{22445009-41D7-4667-8860-80B022CD02B5}"
EndProject
Global
	GlobalSection(SolutionConfigurationPlatforms) = preSolution
		Debug|Any CPU = Debug|Any CPU
		Release|Any CPU = Release|Any CPU
	EndGlobalSection
	GlobalSection(ProjectConfigurationPlatforms) = postSolution
		{22445009-41D7-4667-8860-80B022CD02B5}.Debug|Any CPU.ActiveCfg = Debug|Any CPU
		{22445009-41D7-4667-8860-80B022CD02B5}.Debug|Any CPU.Build.0 = Debug|Any CPU
		{22445009-41D7-4667-8860-80B022CD02B5}.Release|Any CPU.ActiveCfg = Release|Any CPU
		{22445009-41D7-4667-8860-80B022CD02B5}.Release|Any CPU.Build.0 = Release|Any CPU
	EndGlobalSection
	GlobalSection(SolutionProperties) = preSolution
		HideSolutionNode = FALSE
	EndGlobalSection
	GlobalSection(ExtensibilityGlobals) = postSolution
		SolutionGuid = {99E8EBC0-7910-4CB5-A8E0-38B72976EE9C}
	EndGlobalSection
EndGlobal
